
Microsoft Visual Studio Solution File, Format Version 12.00
# Visual Studio Version 16
VisualStudioVersion = 16.0.30524.135
MinimumVisualStudioVersion = 10.0.40219.1
Project("{2150E333-8FDC-42A3-9474-1A3956D46DE8}") = "Services", "Services", "{2A8B51D6-1CF3-497F-8DA0-4CEFCE3FD012}"
EndProject
Project("{2150E333-8FDC-42A3-9474-1A3956D46DE8}") = "Catalog", "Catalog", "{FA207D52-3990-4A0B-8D6A-89DEAE3C28E7}"
EndProject
Project("{9A19103F-16F7-4668-BE54-9A1E7A4F7556}") = "TicketSale.Services.Catalog", "Services\Catalog\TicketSale.Services.Catalog\TicketSale.Services.Catalog.csproj", "{8E7B6F59-9788-452D-BCE7-F07735AB2AE0}"
EndProject
Project("{2150E333-8FDC-42A3-9474-1A3956D46DE8}") = "Solution Items", "Solution Items", "{210D8990-CB64-4BDC-B4C4-7D17D6A4A167}"
	ProjectSection(SolutionItems) = preProject
		Port.txt = Port.txt
	EndProjectSection
EndProject
Project("{2150E333-8FDC-42A3-9474-1A3956D46DE8}") = "Shared", "Shared", "{6E3A9B34-C128-454D-9694-28A5A126E272}"
EndProject
Project("{9A19103F-16F7-4668-BE54-9A1E7A4F7556}") = "TicketSale.Shared", "Shared\TicketSale.Shared\TicketSale.Shared.csproj", "{24320760-952D-4CAC-8FBC-019B53F42310}"
EndProject
Project("{2150E333-8FDC-42A3-9474-1A3956D46DE8}") = "IdentityServer", "IdentityServer", "{87F37CFF-E101-41D9-9A94-0220CE2157F8}"
EndProject
Project("{9A19103F-16F7-4668-BE54-9A1E7A4F7556}") = "TicketSale.IdentityServer", "IdentityServer\TicketSale.IdentityServer\TicketSale.IdentityServer.csproj", "{148B8B97-821E-4173-B714-5FDC8F1D993D}"
EndProject
Project("{2150E333-8FDC-42A3-9474-1A3956D46DE8}") = "PhotoStock", "PhotoStock", "{BAC86D5A-F887-4FD6-8A64-DDAB33E2B352}"
EndProject
Project("{9A19103F-16F7-4668-BE54-9A1E7A4F7556}") = "TicketSale.Services.PhotoStock", "Services\PhotoStock\TicketSale.Services.PhotoStock\TicketSale.Services.PhotoStock.csproj", "{B8987203-42AE-4183-92F0-A5BADE64239C}"
EndProject
Project("{2150E333-8FDC-42A3-9474-1A3956D46DE8}") = "Basket", "Basket", "{10DFF60F-D137-4081-87B7-57916F58AB8C}"
EndProject
Project("{2150E333-8FDC-42A3-9474-1A3956D46DE8}") = "Frontends", "Frontends", "{DE9F4A7E-3B7B-497E-8D4B-632B49D5ECED}"
EndProject
Project("{2150E333-8FDC-42A3-9474-1A3956D46DE8}") = "Discount", "Discount", "{14D93DB3-EE14-4456-BEE9-7E6D628E06B0}"
EndProject
Project("{2150E333-8FDC-42A3-9474-1A3956D46DE8}") = "FakePayment", "FakePayment", "{5C9AAB59-7E49-4720-AD89-47F024DFD546}"
EndProject
Project("{2150E333-8FDC-42A3-9474-1A3956D46DE8}") = "Order", "Order", "{31B09FD6-1A0B-4AB6-BCCD-F11C7E9ED1FE}"
EndProject
Project("{9A19103F-16F7-4668-BE54-9A1E7A4F7556}") = "TicketSale.Services.Basket", "Services\Basket\TicketSale.Services.Basket\TicketSale.Services.Basket.csproj", "{9B568CB0-711F-4F68-B3BF-9D7094A5B442}"
EndProject
Project("{9A19103F-16F7-4668-BE54-9A1E7A4F7556}") = "TicketSale.Services.Discount", "Services\Discount\TicketSale.Services.Discount\TicketSale.Services.Discount.csproj", "{1FB05ECB-07A0-4204-BC75-7B4F52811F0F}"
EndProject
Project("{9A19103F-16F7-4668-BE54-9A1E7A4F7556}") = "TicketSale.Services.Order.API", "Services\Order\TicketSale.Services.Order.API\TicketSale.Services.Order.API.csproj", "{EF9BC828-3A1B-4766-90BE-98FE92C1801B}"
EndProject
Project("{9A19103F-16F7-4668-BE54-9A1E7A4F7556}") = "TicketSale.Services.Order.Application", "Services\Order\TicketSale.Services.Order.Application\TicketSale.Services.Order.Application.csproj", "{7073C7EF-7571-4BF2-9D8A-5C092FB83B8E}"
EndProject
Project("{9A19103F-16F7-4668-BE54-9A1E7A4F7556}") = "TicketSale.Services.Order.Domain", "Services\Order\TicketSale.Services.Order.Domain\TicketSale.Services.Order.Domain.csproj", "{449B9DEF-8C65-4A3F-972C-415B0841BE20}"
EndProject
Project("{9A19103F-16F7-4668-BE54-9A1E7A4F7556}") = "TicketSale.Services.Order.Domain.Core", "Services\Order\TicketSale.Services.Order.Domain.Core\TicketSale.Services.Order.Domain.Core.csproj", "{FA59B87A-4528-47DE-8CCE-0192681BF035}"
EndProject
Project("{9A19103F-16F7-4668-BE54-9A1E7A4F7556}") = "TicketSale.Services.Order.Infrastructure", "Services\Order\TicketSale.Services.Order.Infrastructure\TicketSale.Services.Order.Infrastructure.csproj", "{4B9340A0-1C32-4C93-A09B-1D97B2A591F5}"
EndProject
Project("{2150E333-8FDC-42A3-9474-1A3956D46DE8}") = "Gateways", "Gateways", "{087212EF-3426-49DB-993A-A42ADBA75C3B}"
EndProject
Project("{9A19103F-16F7-4668-BE54-9A1E7A4F7556}") = "TicketSale.Gateway", "Gateways\TicketSale.Gateway\TicketSale.Gateway.csproj", "{523584F4-2602-469A-91D3-A3B216F0AC84}"
EndProject
Project("{9A19103F-16F7-4668-BE54-9A1E7A4F7556}") = "TicketSale.Services.FakePayment", "Services\FakePayment\TicketSale.Services.FakePayment\TicketSale.Services.FakePayment.csproj", "{2BAE7F2D-6ECB-4034-B55C-28CE291963EE}"
EndProject
Project("{9A19103F-16F7-4668-BE54-9A1E7A4F7556}") = "TicketSale.Web", "Frontends\TicketSale.Web\TicketSale.Web.csproj", "{B01C0B17-F9DB-451C-BE50-E63E7357BA6C}"
EndProject
Global
	GlobalSection(SolutionConfigurationPlatforms) = preSolution
		Debug|Any CPU = Debug|Any CPU
		Release|Any CPU = Release|Any CPU
	EndGlobalSection
	GlobalSection(ProjectConfigurationPlatforms) = postSolution
		{8E7B6F59-9788-452D-BCE7-F07735AB2AE0}.Debug|Any CPU.ActiveCfg = Debug|Any CPU
		{8E7B6F59-9788-452D-BCE7-F07735AB2AE0}.Debug|Any CPU.Build.0 = Debug|Any CPU
		{8E7B6F59-9788-452D-BCE7-F07735AB2AE0}.Release|Any CPU.ActiveCfg = Release|Any CPU
		{8E7B6F59-9788-452D-BCE7-F07735AB2AE0}.Release|Any CPU.Build.0 = Release|Any CPU
		{24320760-952D-4CAC-8FBC-019B53F42310}.Debug|Any CPU.ActiveCfg = Debug|Any CPU
		{24320760-952D-4CAC-8FBC-019B53F42310}.Debug|Any CPU.Build.0 = Debug|Any CPU
		{24320760-952D-4CAC-8FBC-019B53F42310}.Release|Any CPU.ActiveCfg = Release|Any CPU
		{24320760-952D-4CAC-8FBC-019B53F42310}.Release|Any CPU.Build.0 = Release|Any CPU
		{148B8B97-821E-4173-B714-5FDC8F1D993D}.Debug|Any CPU.ActiveCfg = Debug|Any CPU
		{148B8B97-821E-4173-B714-5FDC8F1D993D}.Debug|Any CPU.Build.0 = Debug|Any CPU
		{148B8B97-821E-4173-B714-5FDC8F1D993D}.Release|Any CPU.ActiveCfg = Release|Any CPU
		{148B8B97-821E-4173-B714-5FDC8F1D993D}.Release|Any CPU.Build.0 = Release|Any CPU
		{B8987203-42AE-4183-92F0-A5BADE64239C}.Debug|Any CPU.ActiveCfg = Debug|Any CPU
		{B8987203-42AE-4183-92F0-A5BADE64239C}.Debug|Any CPU.Build.0 = Debug|Any CPU
		{B8987203-42AE-4183-92F0-A5BADE64239C}.Release|Any CPU.ActiveCfg = Release|Any CPU
		{B8987203-42AE-4183-92F0-A5BADE64239C}.Release|Any CPU.Build.0 = Release|Any CPU
		{9B568CB0-711F-4F68-B3BF-9D7094A5B442}.Debug|Any CPU.ActiveCfg = Debug|Any CPU
		{9B568CB0-711F-4F68-B3BF-9D7094A5B442}.Debug|Any CPU.Build.0 = Debug|Any CPU
		{9B568CB0-711F-4F68-B3BF-9D7094A5B442}.Release|Any CPU.ActiveCfg = Release|Any CPU
		{9B568CB0-711F-4F68-B3BF-9D7094A5B442}.Release|Any CPU.Build.0 = Release|Any CPU
		{1FB05ECB-07A0-4204-BC75-7B4F52811F0F}.Debug|Any CPU.ActiveCfg = Debug|Any CPU
		{1FB05ECB-07A0-4204-BC75-7B4F52811F0F}.Debug|Any CPU.Build.0 = Debug|Any CPU
		{1FB05ECB-07A0-4204-BC75-7B4F52811F0F}.Release|Any CPU.ActiveCfg = Release|Any CPU
		{1FB05ECB-07A0-4204-BC75-7B4F52811F0F}.Release|Any CPU.Build.0 = Release|Any CPU
		{EF9BC828-3A1B-4766-90BE-98FE92C1801B}.Debug|Any CPU.ActiveCfg = Debug|Any CPU
		{EF9BC828-3A1B-4766-90BE-98FE92C1801B}.Debug|Any CPU.Build.0 = Debug|Any CPU
		{EF9BC828-3A1B-4766-90BE-98FE92C1801B}.Release|Any CPU.ActiveCfg = Release|Any CPU
		{EF9BC828-3A1B-4766-90BE-98FE92C1801B}.Release|Any CPU.Build.0 = Release|Any CPU
		{7073C7EF-7571-4BF2-9D8A-5C092FB83B8E}.Debug|Any CPU.ActiveCfg = Debug|Any CPU
		{7073C7EF-7571-4BF2-9D8A-5C092FB83B8E}.Debug|Any CPU.Build.0 = Debug|Any CPU
		{7073C7EF-7571-4BF2-9D8A-5C092FB83B8E}.Release|Any CPU.ActiveCfg = Release|Any CPU
		{7073C7EF-7571-4BF2-9D8A-5C092FB83B8E}.Release|Any CPU.Build.0 = Release|Any CPU
		{449B9DEF-8C65-4A3F-972C-415B0841BE20}.Debug|Any CPU.ActiveCfg = Debug|Any CPU
		{449B9DEF-8C65-4A3F-972C-415B0841BE20}.Debug|Any CPU.Build.0 = Debug|Any CPU
		{449B9DEF-8C65-4A3F-972C-415B0841BE20}.Release|Any CPU.ActiveCfg = Release|Any CPU
		{449B9DEF-8C65-4A3F-972C-415B0841BE20}.Release|Any CPU.Build.0 = Release|Any CPU
		{FA59B87A-4528-47DE-8CCE-0192681BF035}.Debug|Any CPU.ActiveCfg = Debug|Any CPU
		{FA59B87A-4528-47DE-8CCE-0192681BF035}.Debug|Any CPU.Build.0 = Debug|Any CPU
		{FA59B87A-4528-47DE-8CCE-0192681BF035}.Release|Any CPU.ActiveCfg = Release|Any CPU
		{FA59B87A-4528-47DE-8CCE-0192681BF035}.Release|Any CPU.Build.0 = Release|Any CPU
		{4B9340A0-1C32-4C93-A09B-1D97B2A591F5}.Debug|Any CPU.ActiveCfg = Debug|Any CPU
		{4B9340A0-1C32-4C93-A09B-1D97B2A591F5}.Debug|Any CPU.Build.0 = Debug|Any CPU
		{4B9340A0-1C32-4C93-A09B-1D97B2A591F5}.Release|Any CPU.ActiveCfg = Release|Any CPU
		{4B9340A0-1C32-4C93-A09B-1D97B2A591F5}.Release|Any CPU.Build.0 = Release|Any CPU
		{523584F4-2602-469A-91D3-A3B216F0AC84}.Debug|Any CPU.ActiveCfg = Debug|Any CPU
		{523584F4-2602-469A-91D3-A3B216F0AC84}.Debug|Any CPU.Build.0 = Debug|Any CPU
		{523584F4-2602-469A-91D3-A3B216F0AC84}.Release|Any CPU.ActiveCfg = Release|Any CPU
		{523584F4-2602-469A-91D3-A3B216F0AC84}.Release|Any CPU.Build.0 = Release|Any CPU
		{2BAE7F2D-6ECB-4034-B55C-28CE291963EE}.Debug|Any CPU.ActiveCfg = Debug|Any CPU
		{2BAE7F2D-6ECB-4034-B55C-28CE291963EE}.Debug|Any CPU.Build.0 = Debug|Any CPU
		{2BAE7F2D-6ECB-4034-B55C-28CE291963EE}.Release|Any CPU.ActiveCfg = Release|Any CPU
		{2BAE7F2D-6ECB-4034-B55C-28CE291963EE}.Release|Any CPU.Build.0 = Release|Any CPU
		{B01C0B17-F9DB-451C-BE50-E63E7357BA6C}.Debug|Any CPU.ActiveCfg = Debug|Any CPU
		{B01C0B17-F9DB-451C-BE50-E63E7357BA6C}.Debug|Any CPU.Build.0 = Debug|Any CPU
		{B01C0B17-F9DB-451C-BE50-E63E7357BA6C}.Release|Any CPU.ActiveCfg = Release|Any CPU
		{B01C0B17-F9DB-451C-BE50-E63E7357BA6C}.Release|Any CPU.Build.0 = Release|Any CPU
	EndGlobalSection
	GlobalSection(SolutionProperties) = preSolution
		HideSolutionNode = FALSE
	EndGlobalSection
	GlobalSection(NestedProjects) = preSolution
		{FA207D52-3990-4A0B-8D6A-89DEAE3C28E7} = {2A8B51D6-1CF3-497F-8DA0-4CEFCE3FD012}
		{8E7B6F59-9788-452D-BCE7-F07735AB2AE0} = {FA207D52-3990-4A0B-8D6A-89DEAE3C28E7}
		{24320760-952D-4CAC-8FBC-019B53F42310} = {6E3A9B34-C128-454D-9694-28A5A126E272}
		{148B8B97-821E-4173-B714-5FDC8F1D993D} = {87F37CFF-E101-41D9-9A94-0220CE2157F8}
		{BAC86D5A-F887-4FD6-8A64-DDAB33E2B352} = {2A8B51D6-1CF3-497F-8DA0-4CEFCE3FD012}
		{B8987203-42AE-4183-92F0-A5BADE64239C} = {BAC86D5A-F887-4FD6-8A64-DDAB33E2B352}
		{10DFF60F-D137-4081-87B7-57916F58AB8C} = {2A8B51D6-1CF3-497F-8DA0-4CEFCE3FD012}
		{14D93DB3-EE14-4456-BEE9-7E6D628E06B0} = {2A8B51D6-1CF3-497F-8DA0-4CEFCE3FD012}
		{5C9AAB59-7E49-4720-AD89-47F024DFD546} = {2A8B51D6-1CF3-497F-8DA0-4CEFCE3FD012}
		{31B09FD6-1A0B-4AB6-BCCD-F11C7E9ED1FE} = {2A8B51D6-1CF3-497F-8DA0-4CEFCE3FD012}
		{9B568CB0-711F-4F68-B3BF-9D7094A5B442} = {10DFF60F-D137-4081-87B7-57916F58AB8C}
		{1FB05ECB-07A0-4204-BC75-7B4F52811F0F} = {14D93DB3-EE14-4456-BEE9-7E6D628E06B0}
		{EF9BC828-3A1B-4766-90BE-98FE92C1801B} = {31B09FD6-1A0B-4AB6-BCCD-F11C7E9ED1FE}
		{7073C7EF-7571-4BF2-9D8A-5C092FB83B8E} = {31B09FD6-1A0B-4AB6-BCCD-F11C7E9ED1FE}
		{449B9DEF-8C65-4A3F-972C-415B0841BE20} = {31B09FD6-1A0B-4AB6-BCCD-F11C7E9ED1FE}
		{FA59B87A-4528-47DE-8CCE-0192681BF035} = {31B09FD6-1A0B-4AB6-BCCD-F11C7E9ED1FE}
		{4B9340A0-1C32-4C93-A09B-1D97B2A591F5} = {31B09FD6-1A0B-4AB6-BCCD-F11C7E9ED1FE}
		{523584F4-2602-469A-91D3-A3B216F0AC84} = {087212EF-3426-49DB-993A-A42ADBA75C3B}
		{2BAE7F2D-6ECB-4034-B55C-28CE291963EE} = {5C9AAB59-7E49-4720-AD89-47F024DFD546}
		{B01C0B17-F9DB-451C-BE50-E63E7357BA6C} = {DE9F4A7E-3B7B-497E-8D4B-632B49D5ECED}
	EndGlobalSection
	GlobalSection(ExtensibilityGlobals) = postSolution
		SolutionGuid = {65070AA6-9E15-442C-9C82-4277C444C7A5}
	EndGlobalSection
EndGlobal
